
Microsoft Visual Studio Solution File, Format Version 12.00
# Visual Studio Version 17
VisualStudioVersion = 17.0.32126.317
MinimumVisualStudioVersion = 10.0.40219.1
Project("{FAE04EC0-301F-11D3-BF4B-00C04F79EFBC}") = "DancingBar", "DancingBar\DancingBar.csproj", "{270ACAA1-0BB6-4B79-ABEF-61397A9D7C29}"
EndProject
Global
	GlobalSection(SolutionConfigurationPlatforms) = preSolution
		Debug|Any CPU = Debug|Any CPU
		Release|Any CPU = Release|Any CPU
	EndGlobalSection
	GlobalSection(ProjectConfigurationPlatforms) = postSolution
		{270ACAA1-0BB6-4B79-ABEF-61397A9D7C29}.Debug|Any CPU.ActiveCfg = Debug|Any CPU
		{270ACAA1-0BB6-4B79-ABEF-61397A9D7C29}.Debug|Any CPU.Build.0 = Debug|Any CPU
		{270ACAA1-0BB6-4B79-ABEF-61397A9D7C29}.Release|Any CPU.ActiveCfg = Release|Any CPU
		{270ACAA1-0BB6-4B79-ABEF-61397A9D7C29}.Release|Any CPU.Build.0 = Release|Any CPU
	EndGlobalSection
	GlobalSection(SolutionProperties) = preSolution
		HideSolutionNode = FALSE
	EndGlobalSection
	GlobalSection(ExtensibilityGlobals) = postSolution
		SolutionGuid = {6AD32722-7563-4E38-9992-28D6DCFFCC89}
	EndGlobalSection
EndGlobal
